{
  "requires": true,
  "lockfileVersion": 1,
  "dependencies": {
    "unitof": {
      "version": "1.0.0",
      "resolved": "https://registry.npmjs.org/unitof/-/unitof-1.0.0.tgz",
      "integrity": "sha512-1oxSIMCI5IAd9Eg+eEnqw9qWvyQlf32I/7KEUx2ehu8pOxHup/Ta8IIEmmD8yCmErLGbMqH8YQWl5M275FJW0g=="
    }
  }
}
